
Microsoft Visual Studio Solution File, Format Version 12.00
# Visual Studio Version 17
VisualStudioVersion = 17.0.31903.59
MinimumVisualStudioVersion = 10.0.40219.1
Project("{2150E333-8FDC-42A3-9474-1A3956D46DE8}") = "src", "src", "{32677C4B-B746-436C-A55F-D093C26F2013}"
EndProject
Project("{FAE04EC0-301F-11D3-BF4B-00C04F79EFBC}") = "CafeManagement.Domain", "src\CafeManagement.Domain\CafeManagement.Domain.csproj", "{25990978-F59F-4419-8E84-5921B0EF7D9B}"
EndProject
Project("{FAE04EC0-301F-11D3-BF4B-00C04F79EFBC}") = "CafeManagement.Application", "src\CafeManagement.Application\CafeManagement.Application.csproj", "{FF33AA28-2CC9-4C86-BC54-E9E675A0BB58}"
EndProject
Project("{FAE04EC0-301F-11D3-BF4B-00C04F79EFBC}") = "CafeManagement.Infrastructure", "src\CafeManagement.Infrastructure\CafeManagement.Infrastructure.csproj", "{13895F0C-0172-44E6-AB82-5969DEE8F94F}"
EndProject
Project("{FAE04EC0-301F-11D3-BF4B-00C04F79EFBC}") = "CafeManagement.Api", "src\CafeManagement.Api\CafeManagement.Api.csproj", "{C18851CA-D33B-4BE7-A817-12DBAE6B393E}"
EndProject
Global
	GlobalSection(SolutionConfigurationPlatforms) = preSolution
		Debug|Any CPU = Debug|Any CPU
		Release|Any CPU = Release|Any CPU
	EndGlobalSection
	GlobalSection(SolutionProperties) = preSolution
		HideSolutionNode = FALSE
	EndGlobalSection
	GlobalSection(ProjectConfigurationPlatforms) = postSolution
		{25990978-F59F-4419-8E84-5921B0EF7D9B}.Debug|Any CPU.ActiveCfg = Debug|Any CPU
		{25990978-F59F-4419-8E84-5921B0EF7D9B}.Debug|Any CPU.Build.0 = Debug|Any CPU
		{25990978-F59F-4419-8E84-5921B0EF7D9B}.Release|Any CPU.ActiveCfg = Release|Any CPU
		{25990978-F59F-4419-8E84-5921B0EF7D9B}.Release|Any CPU.Build.0 = Release|Any CPU
		{FF33AA28-2CC9-4C86-BC54-E9E675A0BB58}.Debug|Any CPU.ActiveCfg = Debug|Any CPU
		{FF33AA28-2CC9-4C86-BC54-E9E675A0BB58}.Debug|Any CPU.Build.0 = Debug|Any CPU
		{FF33AA28-2CC9-4C86-BC54-E9E675A0BB58}.Release|Any CPU.ActiveCfg = Release|Any CPU
		{FF33AA28-2CC9-4C86-BC54-E9E675A0BB58}.Release|Any CPU.Build.0 = Release|Any CPU
		{13895F0C-0172-44E6-AB82-5969DEE8F94F}.Debug|Any CPU.ActiveCfg = Debug|Any CPU
		{13895F0C-0172-44E6-AB82-5969DEE8F94F}.Debug|Any CPU.Build.0 = Debug|Any CPU
		{13895F0C-0172-44E6-AB82-5969DEE8F94F}.Release|Any CPU.ActiveCfg = Release|Any CPU
		{13895F0C-0172-44E6-AB82-5969DEE8F94F}.Release|Any CPU.Build.0 = Release|Any CPU
		{C18851CA-D33B-4BE7-A817-12DBAE6B393E}.Debug|Any CPU.ActiveCfg = Debug|Any CPU
		{C18851CA-D33B-4BE7-A817-12DBAE6B393E}.Debug|Any CPU.Build.0 = Debug|Any CPU
		{C18851CA-D33B-4BE7-A817-12DBAE6B393E}.Release|Any CPU.ActiveCfg = Release|Any CPU
		{C18851CA-D33B-4BE7-A817-12DBAE6B393E}.Release|Any CPU.Build.0 = Release|Any CPU
	EndGlobalSection
	GlobalSection(NestedProjects) = preSolution
		{25990978-F59F-4419-8E84-5921B0EF7D9B} = {32677C4B-B746-436C-A55F-D093C26F2013}
		{FF33AA28-2CC9-4C86-BC54-E9E675A0BB58} = {32677C4B-B746-436C-A55F-D093C26F2013}
		{13895F0C-0172-44E6-AB82-5969DEE8F94F} = {32677C4B-B746-436C-A55F-D093C26F2013}
		{C18851CA-D33B-4BE7-A817-12DBAE6B393E} = {32677C4B-B746-436C-A55F-D093C26F2013}
	EndGlobalSection
EndGlobal
