
Microsoft Visual Studio Solution File, Format Version 12.00
# Visual Studio Version 17
VisualStudioVersion = 17.5.002.0
MinimumVisualStudioVersion = 10.0.40219.1
Project("{9A19103F-16F7-4668-BE54-9A1E7A4F7556}") = "CafeManagement.Api", "CafeManagement.Api.csproj", "{3BF6661C-D51F-446B-A262-8EF5EF494092}"
EndProject
Global
	GlobalSection(SolutionConfigurationPlatforms) = preSolution
		Debug|Any CPU = Debug|Any CPU
		Release|Any CPU = Release|Any CPU
	EndGlobalSection
	GlobalSection(ProjectConfigurationPlatforms) = postSolution
		{3BF6661C-D51F-446B-A262-8EF5EF494092}.Debug|Any CPU.ActiveCfg = Debug|Any CPU
		{3BF6661C-D51F-446B-A262-8EF5EF494092}.Debug|Any CPU.Build.0 = Debug|Any CPU
		{3BF6661C-D51F-446B-A262-8EF5EF494092}.Release|Any CPU.ActiveCfg = Release|Any CPU
		{3BF6661C-D51F-446B-A262-8EF5EF494092}.Release|Any CPU.Build.0 = Release|Any CPU
	EndGlobalSection
	GlobalSection(SolutionProperties) = preSolution
		HideSolutionNode = FALSE
	EndGlobalSection
	GlobalSection(ExtensibilityGlobals) = postSolution
		SolutionGuid = {ED82FCD7-C6CF-4EBE-AA2B-D9B2D0A54BB4}
	EndGlobalSection
EndGlobal
